
Microsoft Visual Studio Solution File, Format Version 12.00
# Visual Studio Version 17
VisualStudioVersion = 17.0.31903.59
MinimumVisualStudioVersion = 10.0.40219.1
Project("{FAE04EC0-301F-11D3-BF4B-00C04F79EFBC}") = "RealEstateNew.Domain", "RealEstateNew.Domain\RealEstateNew.Domain.csproj", "{405C2F9D-5653-4F14-A409-7DF9C07E926B}"
EndProject
Project("{FAE04EC0-301F-11D3-BF4B-00C04F79EFBC}") = "RealEstateNew.Application", "RealEstateNew.Application\RealEstateNew.Application.csproj", "{D6AB9A0A-E317-417F-831A-022C3DAA10BC}"
EndProject
Project("{FAE04EC0-301F-11D3-BF4B-00C04F79EFBC}") = "RealEstateNew.Infrastructure", "RealEstateNew.Infrastructure\RealEstateNew.Infrastructure.csproj", "{F3F6CEAB-038C-4B9A-A04B-F09F895E495B}"
EndProject
Project("{FAE04EC0-301F-11D3-BF4B-00C04F79EFBC}") = "RealEstateNew.API", "RealEstateNew.API\RealEstateNew.API.csproj", "{7CD5F3AD-A54E-46DC-89B8-56D6967BC047}"
EndProject
Global
	GlobalSection(SolutionConfigurationPlatforms) = preSolution
		Debug|Any CPU = Debug|Any CPU
		Debug|x64 = Debug|x64
		Debug|x86 = Debug|x86
		Release|Any CPU = Release|Any CPU
		Release|x64 = Release|x64
		Release|x86 = Release|x86
	EndGlobalSection
	GlobalSection(ProjectConfigurationPlatforms) = postSolution
		{405C2F9D-5653-4F14-A409-7DF9C07E926B}.Debug|Any CPU.ActiveCfg = Debug|Any CPU
		{405C2F9D-5653-4F14-A409-7DF9C07E926B}.Debug|Any CPU.Build.0 = Debug|Any CPU
		{405C2F9D-5653-4F14-A409-7DF9C07E926B}.Debug|x64.ActiveCfg = Debug|Any CPU
		{405C2F9D-5653-4F14-A409-7DF9C07E926B}.Debug|x64.Build.0 = Debug|Any CPU
		{405C2F9D-5653-4F14-A409-7DF9C07E926B}.Debug|x86.ActiveCfg = Debug|Any CPU
		{405C2F9D-5653-4F14-A409-7DF9C07E926B}.Debug|x86.Build.0 = Debug|Any CPU
		{405C2F9D-5653-4F14-A409-7DF9C07E926B}.Release|Any CPU.ActiveCfg = Release|Any CPU
		{405C2F9D-5653-4F14-A409-7DF9C07E926B}.Release|Any CPU.Build.0 = Release|Any CPU
		{405C2F9D-5653-4F14-A409-7DF9C07E926B}.Release|x64.ActiveCfg = Release|Any CPU
		{405C2F9D-5653-4F14-A409-7DF9C07E926B}.Release|x64.Build.0 = Release|Any CPU
		{405C2F9D-5653-4F14-A409-7DF9C07E926B}.Release|x86.ActiveCfg = Release|Any CPU
		{405C2F9D-5653-4F14-A409-7DF9C07E926B}.Release|x86.Build.0 = Release|Any CPU
		{D6AB9A0A-E317-417F-831A-022C3DAA10BC}.Debug|Any CPU.ActiveCfg = Debug|Any CPU
		{D6AB9A0A-E317-417F-831A-022C3DAA10BC}.Debug|Any CPU.Build.0 = Debug|Any CPU
		{D6AB9A0A-E317-417F-831A-022C3DAA10BC}.Debug|x64.ActiveCfg = Debug|Any CPU
		{D6AB9A0A-E317-417F-831A-022C3DAA10BC}.Debug|x64.Build.0 = Debug|Any CPU
		{D6AB9A0A-E317-417F-831A-022C3DAA10BC}.Debug|x86.ActiveCfg = Debug|Any CPU
		{D6AB9A0A-E317-417F-831A-022C3DAA10BC}.Debug|x86.Build.0 = Debug|Any CPU
		{D6AB9A0A-E317-417F-831A-022C3DAA10BC}.Release|Any CPU.ActiveCfg = Release|Any CPU
		{D6AB9A0A-E317-417F-831A-022C3DAA10BC}.Release|Any CPU.Build.0 = Release|Any CPU
		{D6AB9A0A-E317-417F-831A-022C3DAA10BC}.Release|x64.ActiveCfg = Release|Any CPU
		{D6AB9A0A-E317-417F-831A-022C3DAA10BC}.Release|x64.Build.0 = Release|Any CPU
		{D6AB9A0A-E317-417F-831A-022C3DAA10BC}.Release|x86.ActiveCfg = Release|Any CPU
		{D6AB9A0A-E317-417F-831A-022C3DAA10BC}.Release|x86.Build.0 = Release|Any CPU
		{F3F6CEAB-038C-4B9A-A04B-F09F895E495B}.Debug|Any CPU.ActiveCfg = Debug|Any CPU
		{F3F6CEAB-038C-4B9A-A04B-F09F895E495B}.Debug|Any CPU.Build.0 = Debug|Any CPU
		{F3F6CEAB-038C-4B9A-A04B-F09F895E495B}.Debug|x64.ActiveCfg = Debug|Any CPU
		{F3F6CEAB-038C-4B9A-A04B-F09F895E495B}.Debug|x64.Build.0 = Debug|Any CPU
		{F3F6CEAB-038C-4B9A-A04B-F09F895E495B}.Debug|x86.ActiveCfg = Debug|Any CPU
		{F3F6CEAB-038C-4B9A-A04B-F09F895E495B}.Debug|x86.Build.0 = Debug|Any CPU
		{F3F6CEAB-038C-4B9A-A04B-F09F895E495B}.Release|Any CPU.ActiveCfg = Release|Any CPU
		{F3F6CEAB-038C-4B9A-A04B-F09F895E495B}.Release|Any CPU.Build.0 = Release|Any CPU
		{F3F6CEAB-038C-4B9A-A04B-F09F895E495B}.Release|x64.ActiveCfg = Release|Any CPU
		{F3F6CEAB-038C-4B9A-A04B-F09F895E495B}.Release|x64.Build.0 = Release|Any CPU
		{F3F6CEAB-038C-4B9A-A04B-F09F895E495B}.Release|x86.ActiveCfg = Release|Any CPU
		{F3F6CEAB-038C-4B9A-A04B-F09F895E495B}.Release|x86.Build.0 = Release|Any CPU
		{7CD5F3AD-A54E-46DC-89B8-56D6967BC047}.Debug|Any CPU.ActiveCfg = Debug|Any CPU
		{7CD5F3AD-A54E-46DC-89B8-56D6967BC047}.Debug|Any CPU.Build.0 = Debug|Any CPU
		{7CD5F3AD-A54E-46DC-89B8-56D6967BC047}.Debug|x64.ActiveCfg = Debug|Any CPU
		{7CD5F3AD-A54E-46DC-89B8-56D6967BC047}.Debug|x64.Build.0 = Debug|Any CPU
		{7CD5F3AD-A54E-46DC-89B8-56D6967BC047}.Debug|x86.ActiveCfg = Debug|Any CPU
		{7CD5F3AD-A54E-46DC-89B8-56D6967BC047}.Debug|x86.Build.0 = Debug|Any CPU
		{7CD5F3AD-A54E-46DC-89B8-56D6967BC047}.Release|Any CPU.ActiveCfg = Release|Any CPU
		{7CD5F3AD-A54E-46DC-89B8-56D6967BC047}.Release|Any CPU.Build.0 = Release|Any CPU
		{7CD5F3AD-A54E-46DC-89B8-56D6967BC047}.Release|x64.ActiveCfg = Release|Any CPU
		{7CD5F3AD-A54E-46DC-89B8-56D6967BC047}.Release|x64.Build.0 = Release|Any CPU
		{7CD5F3AD-A54E-46DC-89B8-56D6967BC047}.Release|x86.ActiveCfg = Release|Any CPU
		{7CD5F3AD-A54E-46DC-89B8-56D6967BC047}.Release|x86.Build.0 = Release|Any CPU
	EndGlobalSection
	GlobalSection(SolutionProperties) = preSolution
		HideSolutionNode = FALSE
	EndGlobalSection
EndGlobal
